
Microsoft Visual Studio Solution File, Format Version 12.00
# Visual Studio Version 17
VisualStudioVersion = 17.5.33516.290
MinimumVisualStudioVersion = 10.0.40219.1
Project("{9A19103F-16F7-4668-BE54-9A1E7A4F7556}") = "MushroomComparer.First", "MushroomComparer.First\MushroomComparer.First.csproj", "{D217F8ED-2883-46AB-AF2F-923F4FF490C7}"
EndProject
Project("{9A19103F-16F7-4668-BE54-9A1E7A4F7556}") = "MushroomComparer.Second", "MushroomComparer.Second\MushroomComparer.Second.csproj", "{8E05EDC6-5E48-4574-BE97-FF29A3EAD186}"
EndProject
Project("{FAE04EC0-301F-11D3-BF4B-00C04F79EFBC}") = "MushroomComparer.Third", "MushroomComparer.Third\MushroomComparer.Third.csproj", "{7E3E9024-F9A7-4576-8924-ED3B540C3E27}"
EndProject
Global
	GlobalSection(SolutionConfigurationPlatforms) = preSolution
		Debug|Any CPU = Debug|Any CPU
		Release|Any CPU = Release|Any CPU
	EndGlobalSection
	GlobalSection(ProjectConfigurationPlatforms) = postSolution
		{D217F8ED-2883-46AB-AF2F-923F4FF490C7}.Debug|Any CPU.ActiveCfg = Debug|Any CPU
		{D217F8ED-2883-46AB-AF2F-923F4FF490C7}.Debug|Any CPU.Build.0 = Debug|Any CPU
		{D217F8ED-2883-46AB-AF2F-923F4FF490C7}.Release|Any CPU.ActiveCfg = Release|Any CPU
		{D217F8ED-2883-46AB-AF2F-923F4FF490C7}.Release|Any CPU.Build.0 = Release|Any CPU
		{8E05EDC6-5E48-4574-BE97-FF29A3EAD186}.Debug|Any CPU.ActiveCfg = Debug|Any CPU
		{8E05EDC6-5E48-4574-BE97-FF29A3EAD186}.Debug|Any CPU.Build.0 = Debug|Any CPU
		{8E05EDC6-5E48-4574-BE97-FF29A3EAD186}.Release|Any CPU.ActiveCfg = Release|Any CPU
		{8E05EDC6-5E48-4574-BE97-FF29A3EAD186}.Release|Any CPU.Build.0 = Release|Any CPU
		{7E3E9024-F9A7-4576-8924-ED3B540C3E27}.Debug|Any CPU.ActiveCfg = Debug|Any CPU
		{7E3E9024-F9A7-4576-8924-ED3B540C3E27}.Debug|Any CPU.Build.0 = Debug|Any CPU
		{7E3E9024-F9A7-4576-8924-ED3B540C3E27}.Release|Any CPU.ActiveCfg = Release|Any CPU
		{7E3E9024-F9A7-4576-8924-ED3B540C3E27}.Release|Any CPU.Build.0 = Release|Any CPU
	EndGlobalSection
	GlobalSection(SolutionProperties) = preSolution
		HideSolutionNode = FALSE
	EndGlobalSection
	GlobalSection(ExtensibilityGlobals) = postSolution
		SolutionGuid = {B1EF8BDB-51B1-4B88-98B7-C9B15077E193}
	EndGlobalSection
EndGlobal
